# This file was autogenerated by Stack.
# You should not edit this file by hand.
# For more information, please see the documentation at:
#   https://docs.haskellstack.org/en/stable/topics/lock_files

packages:
- completed:
    hackage: discord-haskell-1.17.1@sha256:9ae8732e5f75572b3634ecdb124ba7fae68bbf5ec8b8b4c948e76af94c6c08d7,6723
    pantry-tree:
      sha256: 7ca6195c2d4bc0af06ffbb90fcab34789e3957fb36cea9669aff56c2ccdc238c
      size: 3915
  original:
    hackage: discord-haskell-1.17.1
- completed:
    hackage: fast-logger-3.2.2@sha256:9b17bc98ed0dc8f29f855560ac9b0dc6791392e6de36f9a6060dd201c3f2aed1,2176
    pantry-tree:
      sha256: 9396be0c347074982f63d94998a0da9cfef14a6b7cffcd82b1d9d9787453bc03
      size: 1302
  original:
    hackage: fast-logger-3.2.2
snapshots:
- completed:
    sha256: afd5ba64ab602cabc2d3942d3d7e7dd6311bc626dcb415b901eaf576cb62f0ea
    size: 640060
    url: https://raw.githubusercontent.com/commercialhaskell/stackage-snapshots/master/lts/21/22.yaml
  original: lts-21.22
